
Microsoft Visual Studio Solution File, Format Version 10.00
# Visual Studio 2008
Project("{FAE04EC0-301F-11D3-BF4B-00C04F79EFBC}") = "Mango.Server", "Mango.Server.csproj", "{17E3E90B-2B29-484D-A3A2-7DEFB2D03A07}"
EndProject
Project("{FAE04EC0-301F-11D3-BF4B-00C04F79EFBC}") = "Mango.Server.Tests", "Mango.Server.Tests\Mango.Server.Tests.csproj", "{B5DF5043-5316-4F42-8D53-4850D231436E}"
EndProject
Global
	GlobalSection(SolutionConfigurationPlatforms) = preSolution
		Debug|Any CPU = Debug|Any CPU
		Release|Any CPU = Release|Any CPU
	EndGlobalSection
	GlobalSection(ProjectConfigurationPlatforms) = postSolution
		{17E3E90B-2B29-484D-A3A2-7DEFB2D03A07}.Debug|Any CPU.ActiveCfg = Debug|Any CPU
		{17E3E90B-2B29-484D-A3A2-7DEFB2D03A07}.Debug|Any CPU.Build.0 = Debug|Any CPU
		{17E3E90B-2B29-484D-A3A2-7DEFB2D03A07}.Release|Any CPU.ActiveCfg = Release|Any CPU
		{17E3E90B-2B29-484D-A3A2-7DEFB2D03A07}.Release|Any CPU.Build.0 = Release|Any CPU
		{B5DF5043-5316-4F42-8D53-4850D231436E}.Debug|Any CPU.ActiveCfg = Debug|Any CPU
		{B5DF5043-5316-4F42-8D53-4850D231436E}.Debug|Any CPU.Build.0 = Debug|Any CPU
		{B5DF5043-5316-4F42-8D53-4850D231436E}.Release|Any CPU.ActiveCfg = Release|Any CPU
		{B5DF5043-5316-4F42-8D53-4850D231436E}.Release|Any CPU.Build.0 = Release|Any CPU
	EndGlobalSection
	GlobalSection(MonoDevelopProperties) = preSolution
		StartupItem = Mango.Server.csproj
	EndGlobalSection
EndGlobal
