
Microsoft Visual Studio Solution File, Format Version 11.00
# Visual Studio 2010
Project("{FAE04EC0-301F-11D3-BF4B-00C04F79EFBC}") = "Manos", "Manos\Manos.csproj", "{2548B25A-2E1F-4E21-BC43-7E39B1F6F23F}"
EndProject
Project("{FAE04EC0-301F-11D3-BF4B-00C04F79EFBC}") = "manostool", "manostool\manostool.csproj", "{482384E3-EB97-4A8E-9ED9-EACC31350B5E}"
EndProject
Project("{FAE04EC0-301F-11D3-BF4B-00C04F79EFBC}") = "Manos.IO", "Manos.IO\Manos.IO.csproj", "{5E2AA984-1C9C-4890-BEF6-CC2981C49AFF}"
EndProject
Project("{FAE04EC0-301F-11D3-BF4B-00C04F79EFBC}") = "Manos.Tests", "Manos.Tests\Manos.Tests.csproj", "{259D5EAD-0DCB-44A5-8323-6AE16A16B101}"
EndProject
Global
	GlobalSection(SolutionConfigurationPlatforms) = preSolution
		Debug|Any CPU = Debug|Any CPU
		Debug|Mixed Platforms = Debug|Mixed Platforms
		Debug|Win32 = Debug|Win32
		Release|Any CPU = Release|Any CPU
		Release|Mixed Platforms = Release|Mixed Platforms
		Release|Win32 = Release|Win32
	EndGlobalSection
	GlobalSection(ProjectConfigurationPlatforms) = postSolution
		{2548B25A-2E1F-4E21-BC43-7E39B1F6F23F}.Debug|Any CPU.ActiveCfg = Debug|Any CPU
		{2548B25A-2E1F-4E21-BC43-7E39B1F6F23F}.Debug|Any CPU.Build.0 = Debug|Any CPU
		{2548B25A-2E1F-4E21-BC43-7E39B1F6F23F}.Debug|Mixed Platforms.ActiveCfg = Debug|Any CPU
		{2548B25A-2E1F-4E21-BC43-7E39B1F6F23F}.Debug|Mixed Platforms.Build.0 = Debug|Any CPU
		{2548B25A-2E1F-4E21-BC43-7E39B1F6F23F}.Debug|Win32.ActiveCfg = Debug|Any CPU
		{2548B25A-2E1F-4E21-BC43-7E39B1F6F23F}.Release|Any CPU.ActiveCfg = Release|Any CPU
		{2548B25A-2E1F-4E21-BC43-7E39B1F6F23F}.Release|Any CPU.Build.0 = Release|Any CPU
		{2548B25A-2E1F-4E21-BC43-7E39B1F6F23F}.Release|Mixed Platforms.ActiveCfg = Release|Any CPU
		{2548B25A-2E1F-4E21-BC43-7E39B1F6F23F}.Release|Mixed Platforms.Build.0 = Release|Any CPU
		{2548B25A-2E1F-4E21-BC43-7E39B1F6F23F}.Release|Win32.ActiveCfg = Release|Any CPU
		{259D5EAD-0DCB-44A5-8323-6AE16A16B101}.Debug|Any CPU.ActiveCfg = Debug|Any CPU
		{259D5EAD-0DCB-44A5-8323-6AE16A16B101}.Debug|Any CPU.Build.0 = Debug|Any CPU
		{259D5EAD-0DCB-44A5-8323-6AE16A16B101}.Debug|Mixed Platforms.ActiveCfg = Debug|Any CPU
		{259D5EAD-0DCB-44A5-8323-6AE16A16B101}.Debug|Mixed Platforms.Build.0 = Debug|Any CPU
		{259D5EAD-0DCB-44A5-8323-6AE16A16B101}.Debug|Win32.ActiveCfg = Debug|Any CPU
		{259D5EAD-0DCB-44A5-8323-6AE16A16B101}.Debug|Win32.Build.0 = Debug|Any CPU
		{259D5EAD-0DCB-44A5-8323-6AE16A16B101}.Release|Any CPU.ActiveCfg = Release|Any CPU
		{259D5EAD-0DCB-44A5-8323-6AE16A16B101}.Release|Any CPU.Build.0 = Release|Any CPU
		{259D5EAD-0DCB-44A5-8323-6AE16A16B101}.Release|Mixed Platforms.ActiveCfg = Release|Any CPU
		{259D5EAD-0DCB-44A5-8323-6AE16A16B101}.Release|Mixed Platforms.Build.0 = Release|Any CPU
		{259D5EAD-0DCB-44A5-8323-6AE16A16B101}.Release|Win32.ActiveCfg = Release|Any CPU
		{259D5EAD-0DCB-44A5-8323-6AE16A16B101}.Release|Win32.Build.0 = Release|Any CPU
		{482384E3-EB97-4A8E-9ED9-EACC31350B5E}.Debug|Any CPU.ActiveCfg = Debug|Any CPU
		{482384E3-EB97-4A8E-9ED9-EACC31350B5E}.Debug|Any CPU.Build.0 = Debug|Any CPU
		{482384E3-EB97-4A8E-9ED9-EACC31350B5E}.Debug|Mixed Platforms.ActiveCfg = Debug|Any CPU
		{482384E3-EB97-4A8E-9ED9-EACC31350B5E}.Debug|Mixed Platforms.Build.0 = Debug|Any CPU
		{482384E3-EB97-4A8E-9ED9-EACC31350B5E}.Debug|Win32.ActiveCfg = Debug|Any CPU
		{482384E3-EB97-4A8E-9ED9-EACC31350B5E}.Release|Any CPU.ActiveCfg = Release|Any CPU
		{482384E3-EB97-4A8E-9ED9-EACC31350B5E}.Release|Any CPU.Build.0 = Release|Any CPU
		{482384E3-EB97-4A8E-9ED9-EACC31350B5E}.Release|Mixed Platforms.ActiveCfg = Release|Any CPU
		{482384E3-EB97-4A8E-9ED9-EACC31350B5E}.Release|Mixed Platforms.Build.0 = Release|Any CPU
		{482384E3-EB97-4A8E-9ED9-EACC31350B5E}.Release|Win32.ActiveCfg = Release|Any CPU
		{5E2AA984-1C9C-4890-BEF6-CC2981C49AFF}.Debug|Any CPU.ActiveCfg = Debug|Any CPU
		{5E2AA984-1C9C-4890-BEF6-CC2981C49AFF}.Debug|Any CPU.Build.0 = Debug|Any CPU
		{5E2AA984-1C9C-4890-BEF6-CC2981C49AFF}.Debug|Mixed Platforms.ActiveCfg = Debug|Any CPU
		{5E2AA984-1C9C-4890-BEF6-CC2981C49AFF}.Debug|Mixed Platforms.Build.0 = Debug|Any CPU
		{5E2AA984-1C9C-4890-BEF6-CC2981C49AFF}.Debug|Win32.ActiveCfg = Debug|Any CPU
		{5E2AA984-1C9C-4890-BEF6-CC2981C49AFF}.Debug|Win32.Build.0 = Debug|Any CPU
		{5E2AA984-1C9C-4890-BEF6-CC2981C49AFF}.Release|Any CPU.ActiveCfg = Release|Any CPU
		{5E2AA984-1C9C-4890-BEF6-CC2981C49AFF}.Release|Any CPU.Build.0 = Release|Any CPU
		{5E2AA984-1C9C-4890-BEF6-CC2981C49AFF}.Release|Mixed Platforms.ActiveCfg = Release|Any CPU
		{5E2AA984-1C9C-4890-BEF6-CC2981C49AFF}.Release|Mixed Platforms.Build.0 = Release|Any CPU
		{5E2AA984-1C9C-4890-BEF6-CC2981C49AFF}.Release|Win32.ActiveCfg = Release|Any CPU
		{5E2AA984-1C9C-4890-BEF6-CC2981C49AFF}.Release|Win32.Build.0 = Release|Any CPU
		{9F5B878D-A04B-4F97-8722-1BCB698EF4E4}.Debug|Any CPU.ActiveCfg = Debug|Win32
		{9F5B878D-A04B-4F97-8722-1BCB698EF4E4}.Debug|Mixed Platforms.ActiveCfg = Debug|Win32
		{9F5B878D-A04B-4F97-8722-1BCB698EF4E4}.Debug|Mixed Platforms.Build.0 = Debug|Win32
		{9F5B878D-A04B-4F97-8722-1BCB698EF4E4}.Debug|Win32.ActiveCfg = Debug|Win32
		{9F5B878D-A04B-4F97-8722-1BCB698EF4E4}.Debug|Win32.Build.0 = Debug|Win32
		{9F5B878D-A04B-4F97-8722-1BCB698EF4E4}.Release|Any CPU.ActiveCfg = Release|Win32
		{9F5B878D-A04B-4F97-8722-1BCB698EF4E4}.Release|Mixed Platforms.ActiveCfg = Release|Win32
		{9F5B878D-A04B-4F97-8722-1BCB698EF4E4}.Release|Mixed Platforms.Build.0 = Release|Win32
		{9F5B878D-A04B-4F97-8722-1BCB698EF4E4}.Release|Win32.ActiveCfg = Release|Win32
		{9F5B878D-A04B-4F97-8722-1BCB698EF4E4}.Release|Win32.Build.0 = Release|Win32
	EndGlobalSection
	GlobalSection(MonoDevelopProperties) = preSolution
		StartupItem = Manos\Manos.csproj
		Policies = $0
		$0.TextStylePolicy = $1
		$1.inheritsSet = null
		$1.scope = text/x-csharp
		$0.CSharpFormattingPolicy = $2
		$2.IndentSwitchBody = True
		$2.AfterDelegateDeclarationParameterComma = True
		$2.SpacesAfterTypecast = True
		$2.SpacesBeforeArrayDeclarationBrackets = True
		$2.inheritsSet = Mono
		$2.inheritsScope = text/x-csharp
		$2.scope = text/x-csharp
		$0.DotNetNamingPolicy = $3
		$3.DirectoryNamespaceAssociation = Flat
		$3.ResourceNamePolicy = FileFormatDefault
	EndGlobalSection
	GlobalSection(SolutionProperties) = preSolution
		HideSolutionNode = FALSE
	EndGlobalSection
EndGlobal
